{
  "name": "@tangdrew/primitives",
  "version": "0.1.1",
  "lockfileVersion": 1,
  "requires": true,
  "dependencies": {
    "@types/big.js": {
      "version": "4.0.5",
      "resolved": "https://registry.npmjs.org/@types/big.js/-/big.js-4.0.5.tgz",
      "integrity": "sha512-D9KFrAt05FDSqLo7PU9TDHfDgkarlwdkuwFsg7Zm4xl62tTNaz+zN+Tkcdx2wGLBbSMf8BnoMhOVeUGUaJfLKg==",
      "dev": true
    },
    "@types/jest": {
      "version": "23.3.13",
      "resolved": "https://registry.npmjs.org/@types/jest/-/jest-23.3.13.tgz",
      "integrity": "sha512-ePl4l+7dLLmCucIwgQHAgjiepY++qcI6nb8eAwGNkB6OxmTe3Z9rQU3rSpomqu42PCCnlThZbOoxsf+qylJsLA=="
    },
    "big.js": {
      "version": "5.2.2",
      "resolved": "https://registry.npmjs.org/big.js/-/big.js-5.2.2.tgz",
      "integrity": "sha512-vyL2OymJxmarO8gxMr0mhChsO9QGwhynfuu4+MHTAW6czfq9humCB7rKpUjDd9YUiDPU4mzpyupFSvOClAwbmQ=="
    },
    "fp-ts": {
      "version": "1.13.0",
      "resolved": "https://registry.npmjs.org/fp-ts/-/fp-ts-1.13.0.tgz",
      "integrity": "sha512-QDPtCkuLay+dX3zinnvt0ER+j8mdWZZSpM//DIY3GycgwUTDPBKFD7CxX5DU/mIDstcWqGuuUSrMNtB6MWluCQ=="
    },
    "io-ts": {
      "version": "1.6.4",
      "resolved": "https://registry.npmjs.org/io-ts/-/io-ts-1.6.4.tgz",
      "integrity": "sha512-n/a3RiOdsgni4sjsYVtny6/PmzVfU3Gtkc1O06izREueu6NkP57olLa7oACUT+F2LIDnePXY2HA4wxGYqHI05A==",
      "requires": {
        "fp-ts": "^1.0.0"
      }
    },
    "typescript": {
      "version": "3.2.4",
      "resolved": "https://registry.npmjs.org/typescript/-/typescript-3.2.4.tgz",
      "integrity": "sha512-0RNDbSdEokBeEAkgNbxJ+BLwSManFy9TeXz8uW+48j/xhEXv1ePME60olyzw2XzUqUBNAYFeJadIqAgNqIACwg==",
      "dev": true
    }
  }
}
